
Microsoft Visual Studio Solution File, Format Version 12.00
# Visual Studio Version 17
VisualStudioVersion = 17.5.33414.496
MinimumVisualStudioVersion = 10.0.40219.1
Project("{FAE04EC0-301F-11D3-BF4B-00C04F79EFBC}") = "cep-minimal-api", "cep-minimal-api\cep-minimal-api.csproj", "{BB9B5937-4049-4558-BE95-CCDC106F6D0D}"
EndProject
Global
	GlobalSection(SolutionConfigurationPlatforms) = preSolution
		Debug|Any CPU = Debug|Any CPU
		Release|Any CPU = Release|Any CPU
	EndGlobalSection
	GlobalSection(ProjectConfigurationPlatforms) = postSolution
		{BB9B5937-4049-4558-BE95-CCDC106F6D0D}.Debug|Any CPU.ActiveCfg = Debug|Any CPU
		{BB9B5937-4049-4558-BE95-CCDC106F6D0D}.Debug|Any CPU.Build.0 = Debug|Any CPU
		{BB9B5937-4049-4558-BE95-CCDC106F6D0D}.Release|Any CPU.ActiveCfg = Release|Any CPU
		{BB9B5937-4049-4558-BE95-CCDC106F6D0D}.Release|Any CPU.Build.0 = Release|Any CPU
	EndGlobalSection
	GlobalSection(SolutionProperties) = preSolution
		HideSolutionNode = FALSE
	EndGlobalSection
	GlobalSection(ExtensibilityGlobals) = postSolution
		SolutionGuid = {E213E01B-6DFC-4710-87CC-5E32E608355D}
	EndGlobalSection
EndGlobal
